
Microsoft Visual Studio Solution File, Format Version 12.00
# Visual Studio Version 16
VisualStudioVersion = 16.0.29409.12
MinimumVisualStudioVersion = 10.0.40219.1
Project("{9A19103F-16F7-4668-BE54-9A1E7A4F7556}") = "Aeneas", "Aeneas\Aeneas.csproj", "{880B0025-D244-4E99-9A2F-F292E89949C3}"
EndProject
Project("{9A19103F-16F7-4668-BE54-9A1E7A4F7556}") = "Aeneas.Models", "Aeneas.Models\Aeneas.Models.csproj", "{54817680-1CCE-49FB-9D31-16666ABB9C4B}"
EndProject
Project("{9A19103F-16F7-4668-BE54-9A1E7A4F7556}") = "Aeneas.DataController", "Aeneas.DataController\Aeneas.DataController.csproj", "{DBDA3594-0255-4FC8-8DFC-D63B9AE5B3FE}"
EndProject
Project("{9A19103F-16F7-4668-BE54-9A1E7A4F7556}") = "Aeneas.DataController.LiteDB", "Aeneas.DataController.LiteDB\Aeneas.DataController.LiteDB.csproj", "{9BEFD18C-DAD0-45FC-A1CA-04C7993F2DAC}"
EndProject
Project("{9A19103F-16F7-4668-BE54-9A1E7A4F7556}") = "Aeneas.DataController.WebDB", "Aeneas.DataController.WebDB\Aeneas.DataController.WebDB.csproj", "{1F74CC58-5D51-44A4-984A-B2E7B8D971C2}"
EndProject
Project("{9A19103F-16F7-4668-BE54-9A1E7A4F7556}") = "Aeneas.WebServer", "Aeneas.WebServer\Aeneas.WebServer.csproj", "{F3BB815F-6D8F-46D1-9EE6-E809DF56CFDE}"
EndProject
Project("{9A19103F-16F7-4668-BE54-9A1E7A4F7556}") = "ChattingSample", "ChattingSample\ChattingSample.csproj", "{99133808-2C2E-431D-B681-5286BDC939DE}"
EndProject
Global
	GlobalSection(SolutionConfigurationPlatforms) = preSolution
		Debug|Any CPU = Debug|Any CPU
		Release|Any CPU = Release|Any CPU
	EndGlobalSection
	GlobalSection(ProjectConfigurationPlatforms) = postSolution
		{880B0025-D244-4E99-9A2F-F292E89949C3}.Debug|Any CPU.ActiveCfg = Debug|Any CPU
		{880B0025-D244-4E99-9A2F-F292E89949C3}.Debug|Any CPU.Build.0 = Debug|Any CPU
		{880B0025-D244-4E99-9A2F-F292E89949C3}.Release|Any CPU.ActiveCfg = Release|Any CPU
		{880B0025-D244-4E99-9A2F-F292E89949C3}.Release|Any CPU.Build.0 = Release|Any CPU
		{54817680-1CCE-49FB-9D31-16666ABB9C4B}.Debug|Any CPU.ActiveCfg = Debug|Any CPU
		{54817680-1CCE-49FB-9D31-16666ABB9C4B}.Debug|Any CPU.Build.0 = Debug|Any CPU
		{54817680-1CCE-49FB-9D31-16666ABB9C4B}.Release|Any CPU.ActiveCfg = Release|Any CPU
		{54817680-1CCE-49FB-9D31-16666ABB9C4B}.Release|Any CPU.Build.0 = Release|Any CPU
		{DBDA3594-0255-4FC8-8DFC-D63B9AE5B3FE}.Debug|Any CPU.ActiveCfg = Debug|Any CPU
		{DBDA3594-0255-4FC8-8DFC-D63B9AE5B3FE}.Debug|Any CPU.Build.0 = Debug|Any CPU
		{DBDA3594-0255-4FC8-8DFC-D63B9AE5B3FE}.Release|Any CPU.ActiveCfg = Release|Any CPU
		{DBDA3594-0255-4FC8-8DFC-D63B9AE5B3FE}.Release|Any CPU.Build.0 = Release|Any CPU
		{9BEFD18C-DAD0-45FC-A1CA-04C7993F2DAC}.Debug|Any CPU.ActiveCfg = Debug|Any CPU
		{9BEFD18C-DAD0-45FC-A1CA-04C7993F2DAC}.Debug|Any CPU.Build.0 = Debug|Any CPU
		{9BEFD18C-DAD0-45FC-A1CA-04C7993F2DAC}.Release|Any CPU.ActiveCfg = Release|Any CPU
		{9BEFD18C-DAD0-45FC-A1CA-04C7993F2DAC}.Release|Any CPU.Build.0 = Release|Any CPU
		{1F74CC58-5D51-44A4-984A-B2E7B8D971C2}.Debug|Any CPU.ActiveCfg = Debug|Any CPU
		{1F74CC58-5D51-44A4-984A-B2E7B8D971C2}.Debug|Any CPU.Build.0 = Debug|Any CPU
		{1F74CC58-5D51-44A4-984A-B2E7B8D971C2}.Release|Any CPU.ActiveCfg = Release|Any CPU
		{1F74CC58-5D51-44A4-984A-B2E7B8D971C2}.Release|Any CPU.Build.0 = Release|Any CPU
		{F3BB815F-6D8F-46D1-9EE6-E809DF56CFDE}.Debug|Any CPU.ActiveCfg = Debug|Any CPU
		{F3BB815F-6D8F-46D1-9EE6-E809DF56CFDE}.Debug|Any CPU.Build.0 = Debug|Any CPU
		{F3BB815F-6D8F-46D1-9EE6-E809DF56CFDE}.Release|Any CPU.ActiveCfg = Release|Any CPU
		{F3BB815F-6D8F-46D1-9EE6-E809DF56CFDE}.Release|Any CPU.Build.0 = Release|Any CPU
		{99133808-2C2E-431D-B681-5286BDC939DE}.Debug|Any CPU.ActiveCfg = Debug|Any CPU
		{99133808-2C2E-431D-B681-5286BDC939DE}.Debug|Any CPU.Build.0 = Debug|Any CPU
		{99133808-2C2E-431D-B681-5286BDC939DE}.Release|Any CPU.ActiveCfg = Release|Any CPU
		{99133808-2C2E-431D-B681-5286BDC939DE}.Release|Any CPU.Build.0 = Release|Any CPU
	EndGlobalSection
	GlobalSection(SolutionProperties) = preSolution
		HideSolutionNode = FALSE
	EndGlobalSection
	GlobalSection(ExtensibilityGlobals) = postSolution
		SolutionGuid = {AACFA25B-73E7-4B41-A0AA-9A4A787E7004}
	EndGlobalSection
EndGlobal
