
Microsoft Visual Studio Solution File, Format Version 12.00
# Visual Studio Version 16
VisualStudioVersion = 16.0.29409.12
MinimumVisualStudioVersion = 10.0.40219.1
Project("{FAE04EC0-301F-11D3-BF4B-00C04F79EFBC}") = "Aeneas", "Aeneas\Aeneas.csproj", "{880B0025-D244-4E99-9A2F-F292E89949C3}"
EndProject
Global
	GlobalSection(SolutionConfigurationPlatforms) = preSolution
		Debug|Any CPU = Debug|Any CPU
		Release|Any CPU = Release|Any CPU
	EndGlobalSection
	GlobalSection(ProjectConfigurationPlatforms) = postSolution
		{880B0025-D244-4E99-9A2F-F292E89949C3}.Debug|Any CPU.ActiveCfg = Debug|Any CPU
		{880B0025-D244-4E99-9A2F-F292E89949C3}.Debug|Any CPU.Build.0 = Debug|Any CPU
		{880B0025-D244-4E99-9A2F-F292E89949C3}.Release|Any CPU.ActiveCfg = Release|Any CPU
		{880B0025-D244-4E99-9A2F-F292E89949C3}.Release|Any CPU.Build.0 = Release|Any CPU
	EndGlobalSection
	GlobalSection(SolutionProperties) = preSolution
		HideSolutionNode = FALSE
	EndGlobalSection
	GlobalSection(ExtensibilityGlobals) = postSolution
		SolutionGuid = {AACFA25B-73E7-4B41-A0AA-9A4A787E7004}
	EndGlobalSection
EndGlobal
